
Microsoft Visual Studio Solution File, Format Version 12.00
# Visual Studio Version 16
VisualStudioVersion = 16.0.28803.352
MinimumVisualStudioVersion = 10.0.40219.1
Project("{F184B08F-C81C-45F6-A57F-5ABD9991F28F}") = "AntiVirusAudit", "AntiVirusAudit\AntiVirusAudit.vbproj", "{3DA51E82-6D4D-4281-B136-55C2ABA6C4EF}"
EndProject
Global
	GlobalSection(SolutionConfigurationPlatforms) = preSolution
		Debug|Any CPU = Debug|Any CPU
		Release|Any CPU = Release|Any CPU
	EndGlobalSection
	GlobalSection(ProjectConfigurationPlatforms) = postSolution
		{3DA51E82-6D4D-4281-B136-55C2ABA6C4EF}.Debug|Any CPU.ActiveCfg = Debug|Any CPU
		{3DA51E82-6D4D-4281-B136-55C2ABA6C4EF}.Debug|Any CPU.Build.0 = Debug|Any CPU
		{3DA51E82-6D4D-4281-B136-55C2ABA6C4EF}.Release|Any CPU.ActiveCfg = Release|Any CPU
		{3DA51E82-6D4D-4281-B136-55C2ABA6C4EF}.Release|Any CPU.Build.0 = Release|Any CPU
	EndGlobalSection
	GlobalSection(SolutionProperties) = preSolution
		HideSolutionNode = FALSE
	EndGlobalSection
	GlobalSection(ExtensibilityGlobals) = postSolution
		SolutionGuid = {BC03D85B-E50D-4690-91F8-E5F9A89C865A}
	EndGlobalSection
EndGlobal
